{
  "nodes": {
    "agenix": {
      "inputs": {
        "nixpkgs": [
          "nixpkgs"
        ]
      },
      "locked": {
        "lastModified": 1665870395,
        "narHash": "sha256-Tsbqb27LDNxOoPLh0gw2hIb6L/6Ow/6lIBvqcHzEKBI=",
        "owner": "ryantm",
        "repo": "agenix",
        "rev": "a630400067c6d03c9b3e0455347dc8559db14288",
        "type": "github"
      },
      "original": {
        "owner": "ryantm",
        "repo": "agenix",
        "type": "github"
      }
    },
    "cities-json": {
      "flake": false,
      "locked": {
        "lastModified": 1669853436,
        "narHash": "sha256-JTVyymFhB2YvdS456otjVhgL12GCxkUfmcWuo3HwcoE=",
        "owner": "lutangar",
        "repo": "cities.json",
        "rev": "8dc1132c325679d5f865b1c6ce9190f4dea1581e",
        "type": "github"
      },
      "original": {
        "owner": "lutangar",
        "repo": "cities.json",
        "type": "github"
      }
    },
    "colmena": {
      "inputs": {
        "flake-compat": [
          "flake-compat"
        ],
        "flake-utils": [
          "flake-utils"
        ],
        "nix-eval-jobs": "nix-eval-jobs",
        "nixpkgs": [
          "nixpkgs"
        ],
        "stable": "stable"
      },
      "locked": {
        "lastModified": 1669917327,
        "narHash": "sha256-YYjaNOUJZaM5t35GbWtfX825TlI9LAksbfdhaCYWmfY=",
        "owner": "zhaofengli",
        "repo": "colmena",
        "rev": "64c46fa0169233d4faed70c52583cd3183c7f5aa",
        "type": "github"
      },
      "original": {
        "owner": "zhaofengli",
        "repo": "colmena",
        "type": "github"
      }
    },
    "dwarffs": {
      "inputs": {
        "nix": [
          "nix"
        ],
        "nixpkgs": [
          "nixpkgs"
        ]
      },
      "locked": {
        "lastModified": 1662486847,
        "narHash": "sha256-HBgQB8jzmpBTHAdPfCtLnxVhHSzI3XtSfcMW2TZ0KN8=",
        "owner": "edolstra",
        "repo": "dwarffs",
        "rev": "1f850df9c932acb95da2f31b576a8f6c7c188376",
        "type": "github"
      },
      "original": {
        "owner": "edolstra",
        "repo": "dwarffs",
        "type": "github"
      }
    },
    "flake-compat": {
      "flake": false,
      "locked": {
        "lastModified": 1668681692,
        "narHash": "sha256-Ht91NGdewz8IQLtWZ9LCeNXMSXHUss+9COoqu6JLmXU=",
        "owner": "edolstra",
        "repo": "flake-compat",
        "rev": "009399224d5e398d03b22badca40a37ac85412a1",
        "type": "github"
      },
      "original": {
        "owner": "edolstra",
        "repo": "flake-compat",
        "type": "github"
      }
    },
    "flake-utils": {
      "locked": {
        "lastModified": 1667395993,
        "narHash": "sha256-nuEHfE/LcWyuSWnS8t12N1wc105Qtau+/OdUAjtQ0rA=",
        "owner": "numtide",
        "repo": "flake-utils",
        "rev": "5aed5285a952e0b949eb3ba02c12fa4fcfef535f",
        "type": "github"
      },
      "original": {
        "owner": "numtide",
        "repo": "flake-utils",
        "type": "github"
      }
    },
    "flake-utils-plus": {
      "inputs": {
        "flake-utils": [
          "flake-utils"
        ]
      },
      "locked": {
        "lastModified": 1657226504,
        "narHash": "sha256-GIYNjuq4mJlFgqKsZ+YrgzWm0IpA4axA3MCrdKYj7gs=",
        "owner": "gytis-ivaskevicius",
        "repo": "flake-utils-plus",
        "rev": "2bf0f91643c2e5ae38c1b26893ac2927ac9bd82a",
        "type": "github"
      },
      "original": {
        "owner": "gytis-ivaskevicius",
        "repo": "flake-utils-plus",
        "type": "github"
      }
    },
    "home-manager": {
      "inputs": {
        "nixpkgs": [
          "nixpkgs"
        ],
        "utils": [
          "flake-utils"
        ]
      },
      "locked": {
        "lastModified": 1670163996,
        "narHash": "sha256-6vbu9Wmh1Ov0VgkWuLAazQ/crzohdZ8jnQp87pDsy7s=",
        "owner": "nix-community",
        "repo": "home-manager",
        "rev": "90b0e5f440160f54cb4f1f08372e1be554e10873",
        "type": "github"
      },
      "original": {
        "owner": "nix-community",
        "repo": "home-manager",
        "type": "github"
      }
    },
    "impermanence": {
      "locked": {
        "lastModified": 1668668915,
        "narHash": "sha256-QjY4ZZbs9shwO4LaLpvlU2bO9J1juYhO9NtV3nrbnYQ=",
        "owner": "nix-community",
        "repo": "impermanence",
        "rev": "5df9108b346f8a42021bf99e50de89c9caa251c3",
        "type": "github"
      },
      "original": {
        "owner": "nix-community",
        "repo": "impermanence",
        "type": "github"
      }
    },
    "keycloak-lantian": {
      "inputs": {
        "nixpkgs": [
          "nur-xddxdd",
          "nixpkgs"
        ]
      },
      "locked": {
        "lastModified": 1647333801,
        "narHash": "sha256-fE9gOjkbho/2Pct/gZi5iMoXyf0a7rWPZxon8yDDzsQ=",
        "ref": "refs/heads/master",
        "rev": "ae034b600c62a9a460d3e16897ad485e837a5e8a",
        "revCount": 19,
        "type": "git",
        "url": "https://git.lantian.pub/lantian/keycloak-lantian.git"
      },
      "original": {
        "type": "git",
        "url": "https://git.lantian.pub/lantian/keycloak-lantian.git"
      }
    },
    "lowdown-src": {
      "flake": false,
      "locked": {
        "lastModified": 1633514407,
        "narHash": "sha256-Dw32tiMjdK9t3ETl5fzGrutQTzh2rufgZV4A/BbxuD4=",
        "owner": "kristapsdz",
        "repo": "lowdown",
        "rev": "d2c2b44ff6c27b936ec27358a2653caaef8f73b8",
        "type": "github"
      },
      "original": {
        "owner": "kristapsdz",
        "repo": "lowdown",
        "type": "github"
      }
    },
    "nil": {
      "inputs": {
        "flake-utils": [
          "flake-utils"
        ],
        "nixpkgs": [
          "nixpkgs"
        ],
        "rust-overlay": "rust-overlay"
      },
      "locked": {
        "lastModified": 1670177573,
        "narHash": "sha256-BLfd9uxiztlV2kAjFd4MnItFZUa+Hm23YhZ3F2VN6Wg=",
        "owner": "oxalica",
        "repo": "nil",
        "rev": "46eeb57f9b7ea1cdd061dc5b40ea7f0146124d76",
        "type": "github"
      },
      "original": {
        "owner": "oxalica",
        "repo": "nil",
        "type": "github"
      }
    },
    "nix": {
      "inputs": {
        "lowdown-src": "lowdown-src",
        "nixpkgs": [
          "nixpkgs"
        ],
        "nixpkgs-regression": "nixpkgs-regression"
      },
      "locked": {
        "lastModified": 1670008404,
        "narHash": "sha256-xCaEHYL0TPgIFeOC/1kMFRYiJ7zUD7xkSZwivgSa9mY=",
        "owner": "NixOS",
        "repo": "nix",
        "rev": "b4b13382f4a5a39cf9c6750c423402373a0de8a1",
        "type": "github"
      },
      "original": {
        "owner": "NixOS",
        "repo": "nix",
        "type": "github"
      }
    },
    "nix-alien": {
      "inputs": {
        "flake-utils": [
          "flake-utils"
        ],
        "nixpkgs": [
          "nixpkgs"
        ]
      },
      "locked": {
        "lastModified": 1668504894,
        "narHash": "sha256-Q/URqJtTONNEoVfat+UMZq8rl7MvMwLEKF1uPFQm/cs=",
        "owner": "thiagokokada",
        "repo": "nix-alien",
        "rev": "ec6dabeaddecab75794bfa1070989371b2636b70",
        "type": "github"
      },
      "original": {
        "owner": "thiagokokada",
        "repo": "nix-alien",
        "type": "github"
      }
    },
    "nix-eval-jobs": {
      "inputs": {
        "flake-utils": [
          "colmena",
          "flake-utils"
        ],
        "nixpkgs": [
          "colmena",
          "nixpkgs"
        ]
      },
      "locked": {
        "lastModified": 1660713017,
        "narHash": "sha256-w6KLNkT/2fI7UvPg3NoKj7gve4CgUHpyWOFq0BUwW7o=",
        "owner": "zhaofengli",
        "repo": "nix-eval-jobs",
        "rev": "b4c078a4870c5b1a5b74420ca1dca41f4d75b7cc",
        "type": "github"
      },
      "original": {
        "owner": "zhaofengli",
        "ref": "colmena",
        "repo": "nix-eval-jobs",
        "type": "github"
      }
    },
    "nixos-asterisk-music": {
      "flake": false,
      "locked": {
        "lastModified": 1656921848,
        "narHash": "sha256-mZ58MoTBW8zNSxoExdvPPHk875V9allqrnKj2UkF/q0=",
        "ref": "refs/heads/master",
        "rev": "171d831d453e8c81d1ecd819439f665dcd280289",
        "revCount": 3,
        "type": "git",
        "url": "ssh://git@git.lantian.pub:2222/lantian/nixos-asterisk-music.git"
      },
      "original": {
        "type": "git",
        "url": "ssh://git@git.lantian.pub:2222/lantian/nixos-asterisk-music.git"
      }
    },
    "nixos-cn": {
      "inputs": {
        "flake-utils": [
          "flake-utils"
        ],
        "nixpkgs": [
          "nixpkgs"
        ]
      },
      "locked": {
        "lastModified": 1670118758,
        "narHash": "sha256-5gCXWPE/Clk/QggoppgoXpy+mVA+Z787onu3UWht2xc=",
        "owner": "nixos-cn",
        "repo": "flakes",
        "rev": "fe55060e7e1e683471e7d3f177825cc2a69ed195",
        "type": "github"
      },
      "original": {
        "owner": "nixos-cn",
        "repo": "flakes",
        "type": "github"
      }
    },
    "nixpkgs": {
      "locked": {
        "lastModified": 1670144697,
        "narHash": "sha256-bNfd9qRR7SgohqAan0Qdk2TblR91P6NSaG6drOs3cao=",
        "owner": "NixOS",
        "repo": "nixpkgs",
        "rev": "c0491d5fd2561bd367e27c137beded4b51bd1678",
        "type": "github"
      },
      "original": {
        "owner": "NixOS",
        "ref": "nixos-unstable-small",
        "repo": "nixpkgs",
        "type": "github"
      }
    },
    "nixpkgs-22-05": {
      "locked": {
        "lastModified": 1670083709,
        "narHash": "sha256-UL4czXyVoKSCqAbNkfJEu2M+XhIVNwBGkyDt+UbtA5E=",
        "owner": "NixOS",
        "repo": "nixpkgs",
        "rev": "e09913998d89659044c29ef5df4a86542e78a2ef",
        "type": "github"
      },
      "original": {
        "owner": "NixOS",
        "ref": "nixos-22.05",
        "repo": "nixpkgs",
        "type": "github"
      }
    },
    "nixpkgs-regression": {
      "locked": {
        "lastModified": 1643052045,
        "narHash": "sha256-uGJ0VXIhWKGXxkeNnq4TvV3CIOkUJ3PAoLZ3HMzNVMw=",
        "owner": "NixOS",
        "repo": "nixpkgs",
        "rev": "215d4d0fd80ca5163643b03a33fde804a29cc1e2",
        "type": "github"
      },
      "original": {
        "owner": "NixOS",
        "repo": "nixpkgs",
        "rev": "215d4d0fd80ca5163643b03a33fde804a29cc1e2",
        "type": "github"
      }
    },
    "nur-xddxdd": {
      "inputs": {
        "flake-utils": [
          "flake-utils"
        ],
        "keycloak-lantian": "keycloak-lantian",
        "nixpkgs": [
          "nixpkgs"
        ]
      },
      "locked": {
        "lastModified": 1670027612,
        "narHash": "sha256-3wLKUTaxoNTnJm6rG8BMedCUm3n5yF+2Citp2nvDNyU=",
        "owner": "xddxdd",
        "repo": "nur-packages",
        "rev": "8afce4f76ae473a9c940084ab65054a6614def0b",
        "type": "github"
      },
      "original": {
        "owner": "xddxdd",
        "repo": "nur-packages",
        "type": "github"
      }
    },
    "root": {
      "inputs": {
        "agenix": "agenix",
        "cities-json": "cities-json",
        "colmena": "colmena",
        "dwarffs": "dwarffs",
        "flake-compat": "flake-compat",
        "flake-utils": "flake-utils",
        "flake-utils-plus": "flake-utils-plus",
        "home-manager": "home-manager",
        "impermanence": "impermanence",
        "nil": "nil",
        "nix": "nix",
        "nix-alien": "nix-alien",
        "nixos-asterisk-music": "nixos-asterisk-music",
        "nixos-cn": "nixos-cn",
        "nixpkgs": "nixpkgs",
        "nixpkgs-22-05": "nixpkgs-22-05",
        "nur-xddxdd": "nur-xddxdd",
        "secrets": "secrets"
      }
    },
    "rust-overlay": {
      "inputs": {
        "flake-utils": [
          "nil",
          "flake-utils"
        ],
        "nixpkgs": [
          "nil",
          "nixpkgs"
        ]
      },
      "locked": {
        "lastModified": 1669775522,
        "narHash": "sha256-6xxGArBqssX38DdHpDoPcPvB/e79uXyQBwpBcaO/BwY=",
        "owner": "oxalica",
        "repo": "rust-overlay",
        "rev": "3158e47f6b85a288d12948aeb9a048e0ed4434d6",
        "type": "github"
      },
      "original": {
        "owner": "oxalica",
        "repo": "rust-overlay",
        "type": "github"
      }
    },
    "secrets": {
      "flake": false,
      "locked": {
        "lastModified": 1669589884,
        "narHash": "sha256-4SX5M+WH18rEGUviv6exVgco43QS/7q54+PlOlyPOaQ=",
        "ref": "refs/heads/master",
        "rev": "c7c5492bd0a96cf47a0f729d05312cec1b3b3c53",
        "revCount": 61,
        "type": "git",
        "url": "ssh://git@github.com/xddxdd/nixos-secrets"
      },
      "original": {
        "type": "git",
        "url": "ssh://git@github.com/xddxdd/nixos-secrets"
      }
    },
    "stable": {
      "locked": {
        "lastModified": 1669735802,
        "narHash": "sha256-qtG/o/i5ZWZLmXw108N2aPiVsxOcidpHJYNkT45ry9Q=",
        "owner": "NixOS",
        "repo": "nixpkgs",
        "rev": "731cc710aeebecbf45a258e977e8b68350549522",
        "type": "github"
      },
      "original": {
        "owner": "NixOS",
        "ref": "nixos-22.11",
        "repo": "nixpkgs",
        "type": "github"
      }
    }
  },
  "root": "root",
  "version": 7
}
