{
  "nodes": {
    "agenix": {
      "inputs": {
        "nixpkgs": [
          "nixpkgs"
        ]
      },
      "locked": {
        "lastModified": 1648942457,
        "narHash": "sha256-i29Z1t3sVfCNfpp+KAfeExvpqHQSbLO1KWylTtfradU=",
        "owner": "ryantm",
        "repo": "agenix",
        "rev": "0d5e59ed645e4c7b60174bc6f6aac6a203dc0b01",
        "type": "github"
      },
      "original": {
        "owner": "ryantm",
        "repo": "agenix",
        "type": "github"
      }
    },
    "colmena": {
      "inputs": {
        "flake-compat": "flake-compat",
        "nixpkgs": [
          "nixpkgs"
        ],
        "stable": "stable",
        "utils": [
          "flake-utils"
        ]
      },
      "locked": {
        "lastModified": 1649038246,
        "narHash": "sha256-88KDTTMTMVXF9Rczexkf1DQDBaGG+xgKfXYwua47W3E=",
        "owner": "zhaofengli",
        "repo": "colmena",
        "rev": "11289dd7ff71f75bd252525167c5a9f685c06bcf",
        "type": "github"
      },
      "original": {
        "owner": "zhaofengli",
        "repo": "colmena",
        "type": "github"
      }
    },
    "dwarffs": {
      "inputs": {
        "nix": [
          "nix"
        ],
        "nixpkgs": [
          "nixpkgs"
        ]
      },
      "locked": {
        "lastModified": 1646560263,
        "narHash": "sha256-VYJFoEigK0DASnBiYUhQBe0c0O4mlcoGBlYN8qs2TOo=",
        "owner": "edolstra",
        "repo": "dwarffs",
        "rev": "e768ce3239156de05f7ff3210d86a80762730f30",
        "type": "github"
      },
      "original": {
        "owner": "edolstra",
        "repo": "dwarffs",
        "type": "github"
      }
    },
    "flake-compat": {
      "flake": false,
      "locked": {
        "lastModified": 1648199409,
        "narHash": "sha256-JwPKdC2PoVBkG6E+eWw3j6BMR6sL3COpYWfif7RVb8Y=",
        "owner": "edolstra",
        "repo": "flake-compat",
        "rev": "64a525ee38886ab9028e6f61790de0832aa3ef03",
        "type": "github"
      },
      "original": {
        "owner": "edolstra",
        "repo": "flake-compat",
        "type": "github"
      }
    },
    "flake-utils": {
      "locked": {
        "lastModified": 1649676176,
        "narHash": "sha256-OWKJratjt2RW151VUlJPRALb7OU2S5s+f0vLj4o1bHM=",
        "owner": "numtide",
        "repo": "flake-utils",
        "rev": "a4b154ebbdc88c8498a5c7b01589addc9e9cb678",
        "type": "github"
      },
      "original": {
        "owner": "numtide",
        "repo": "flake-utils",
        "type": "github"
      }
    },
    "flake-utils-plus": {
      "inputs": {
        "flake-utils": [
          "flake-utils"
        ]
      },
      "locked": {
        "lastModified": 1647259887,
        "narHash": "sha256-yEkMbEHVO9qydluQ3uHGWX1PkfZhgDKxnd1rhZYZ72w=",
        "owner": "gytis-ivaskevicius",
        "repo": "flake-utils-plus",
        "rev": "06dba5f3b4fa2cc0bfc98ce9cd6f9a4d8db11d46",
        "type": "github"
      },
      "original": {
        "owner": "gytis-ivaskevicius",
        "repo": "flake-utils-plus",
        "type": "github"
      }
    },
    "flake-utils_2": {
      "locked": {
        "lastModified": 1638122382,
        "narHash": "sha256-sQzZzAbvKEqN9s0bzWuYmRaA03v40gaJ4+iL1LXjaeI=",
        "owner": "numtide",
        "repo": "flake-utils",
        "rev": "74f7e4319258e287b0f9cb95426c9853b282730b",
        "type": "github"
      },
      "original": {
        "owner": "numtide",
        "repo": "flake-utils",
        "type": "github"
      }
    },
    "home-manager": {
      "inputs": {
        "nixpkgs": [
          "nixpkgs"
        ]
      },
      "locked": {
        "lastModified": 1650059391,
        "narHash": "sha256-2kYYStLpPCcYToW+uZTP0jxmdR95URCret/vfpzJn4s=",
        "owner": "nix-community",
        "repo": "home-manager",
        "rev": "7add9ce2e5c517fcc4b25b3ed13e7e28cd325034",
        "type": "github"
      },
      "original": {
        "owner": "nix-community",
        "repo": "home-manager",
        "type": "github"
      }
    },
    "impermanence": {
      "locked": {
        "lastModified": 1646131459,
        "narHash": "sha256-GPmgxvUFvQ1GmsGfWHy9+rcxWrczeDhS9XnAIPHi9XQ=",
        "owner": "nix-community",
        "repo": "impermanence",
        "rev": "2f39baeb7d039fda5fc8225111bb79474138e6f4",
        "type": "github"
      },
      "original": {
        "owner": "nix-community",
        "repo": "impermanence",
        "type": "github"
      }
    },
    "keycloak-lantian": {
      "inputs": {
        "nixpkgs": [
          "nur-xddxdd",
          "nixpkgs"
        ]
      },
      "locked": {
        "lastModified": 1647333801,
        "narHash": "sha256-fE9gOjkbho/2Pct/gZi5iMoXyf0a7rWPZxon8yDDzsQ=",
        "ref": "master",
        "rev": "ae034b600c62a9a460d3e16897ad485e837a5e8a",
        "revCount": 19,
        "type": "git",
        "url": "https://git.lantian.pub/lantian/keycloak-lantian.git"
      },
      "original": {
        "type": "git",
        "url": "https://git.lantian.pub/lantian/keycloak-lantian.git"
      }
    },
    "lowdown-src": {
      "flake": false,
      "locked": {
        "lastModified": 1633514407,
        "narHash": "sha256-Dw32tiMjdK9t3ETl5fzGrutQTzh2rufgZV4A/BbxuD4=",
        "owner": "kristapsdz",
        "repo": "lowdown",
        "rev": "d2c2b44ff6c27b936ec27358a2653caaef8f73b8",
        "type": "github"
      },
      "original": {
        "owner": "kristapsdz",
        "repo": "lowdown",
        "type": "github"
      }
    },
    "nix": {
      "inputs": {
        "lowdown-src": "lowdown-src",
        "nixpkgs": [
          "nixpkgs"
        ],
        "nixpkgs-regression": "nixpkgs-regression"
      },
      "locked": {
        "lastModified": 1650011465,
        "narHash": "sha256-ERDnX4ZP46ddhj7/17csHJWO0l7d3iQ4j5nWNMzd42A=",
        "owner": "NixOS",
        "repo": "nix",
        "rev": "b135de2b5f08aa8b549d69371823235124ef04a1",
        "type": "github"
      },
      "original": {
        "owner": "NixOS",
        "repo": "nix",
        "type": "github"
      }
    },
    "nix-alien": {
      "inputs": {
        "flake-utils": [
          "flake-utils"
        ],
        "nixpkgs": [
          "nixpkgs"
        ],
        "poetry2nix": "poetry2nix"
      },
      "locked": {
        "lastModified": 1649747452,
        "narHash": "sha256-/3A3kiElwIZlM1BZxKLD4azQLQTaOc9rFOXiTxhSLZA=",
        "owner": "thiagokokada",
        "repo": "nix-alien",
        "rev": "2820f11c5a3e0ccae4fa705cc9898084ec1f523c",
        "type": "github"
      },
      "original": {
        "owner": "thiagokokada",
        "repo": "nix-alien",
        "type": "github"
      }
    },
    "nixos-cn": {
      "inputs": {
        "flake-utils": "flake-utils_2",
        "nixpkgs": [
          "nixpkgs"
        ]
      },
      "locked": {
        "lastModified": 1649989890,
        "narHash": "sha256-+SEJFXZdZ/B4ht3eoUcXgWvUDYWfaDRsMu5Rq4nEFv4=",
        "owner": "nixos-cn",
        "repo": "flakes",
        "rev": "de81aefef7a1b3057590d399882344e47db6b011",
        "type": "github"
      },
      "original": {
        "owner": "nixos-cn",
        "repo": "flakes",
        "type": "github"
      }
    },
    "nixpkgs": {
      "locked": {
        "lastModified": 1649986882,
        "narHash": "sha256-cNsInUFq1MbuvaEmv8x6jetWnmAU+osMpnwKumtjksI=",
        "owner": "NixOS",
        "repo": "nixpkgs",
        "rev": "5181d5945eda382ff6a9ca3e072ed6ea9b547fee",
        "type": "github"
      },
      "original": {
        "owner": "NixOS",
        "ref": "nixos-unstable",
        "repo": "nixpkgs",
        "type": "github"
      }
    },
    "nixpkgs-regression": {
      "locked": {
        "lastModified": 1643052045,
        "narHash": "sha256-uGJ0VXIhWKGXxkeNnq4TvV3CIOkUJ3PAoLZ3HMzNVMw=",
        "owner": "NixOS",
        "repo": "nixpkgs",
        "rev": "215d4d0fd80ca5163643b03a33fde804a29cc1e2",
        "type": "github"
      },
      "original": {
        "id": "nixpkgs",
        "rev": "215d4d0fd80ca5163643b03a33fde804a29cc1e2",
        "type": "indirect"
      }
    },
    "nur-xddxdd": {
      "inputs": {
        "flake-utils": [
          "flake-utils"
        ],
        "keycloak-lantian": "keycloak-lantian",
        "nixpkgs": [
          "nixpkgs"
        ]
      },
      "locked": {
        "lastModified": 1651271742,
        "narHash": "sha256-Iuf8wx/tD4oRmX6ik/Sy0f+SmUUDJGbZ1Vt/VBGzSfc=",
        "owner": "xddxdd",
        "repo": "nur-packages",
        "rev": "74ce1fa63409016832b264398a3b63ce215535c2",
        "type": "github"
      },
      "original": {
        "owner": "xddxdd",
        "repo": "nur-packages",
        "type": "github"
      }
    },
    "poetry2nix": {
      "inputs": {
        "flake-utils": [
          "nix-alien",
          "flake-utils"
        ],
        "nixpkgs": [
          "nix-alien",
          "nixpkgs"
        ]
      },
      "locked": {
        "lastModified": 1642215333,
        "narHash": "sha256-hOs6lr62ITT8gAnpj5C248K0PW4IrCuXzgoan+VUgiM=",
        "owner": "nix-community",
        "repo": "poetry2nix",
        "rev": "7b5c8e3b838d534e0d4dcaa6bbe6530086ebf407",
        "type": "github"
      },
      "original": {
        "owner": "nix-community",
        "repo": "poetry2nix",
        "type": "github"
      }
    },
    "root": {
      "inputs": {
        "agenix": "agenix",
        "colmena": "colmena",
        "dwarffs": "dwarffs",
        "flake-utils": "flake-utils",
        "flake-utils-plus": "flake-utils-plus",
        "home-manager": "home-manager",
        "impermanence": "impermanence",
        "nix": "nix",
        "nix-alien": "nix-alien",
        "nixos-cn": "nixos-cn",
        "nixpkgs": "nixpkgs",
        "nur-xddxdd": "nur-xddxdd",
        "secrets": "secrets"
      }
    },
    "secrets": {
      "flake": false,
      "locked": {
        "lastModified": 1651271913,
        "narHash": "sha256-uykxgkOqrJYkUnkHZvKhMUN4BcTnAoihkqitmbMuyqM=",
        "ref": "master",
        "rev": "fa36db965c8f6e20ae0aac228c619eb8e5a270a2",
        "revCount": 16,
        "type": "git",
        "url": "ssh://git@github.com/xddxdd/nixos-secrets"
      },
      "original": {
        "type": "git",
        "url": "ssh://git@github.com/xddxdd/nixos-secrets"
      }
    },
    "stable": {
      "locked": {
        "lastModified": 1648965846,
        "narHash": "sha256-xaO0KS+sgZLYrhaQNjVe6eRcOUIM1mEkAjT+dRbPblU=",
        "owner": "NixOS",
        "repo": "nixpkgs",
        "rev": "0aac710801aec4ba545527cf41a5706028fe6271",
        "type": "github"
      },
      "original": {
        "owner": "NixOS",
        "ref": "nixos-21.11",
        "repo": "nixpkgs",
        "type": "github"
      }
    }
  },
  "root": "root",
  "version": 7
}
